
Microsoft Visual Studio Solution File, Format Version 12.00
# Visual Studio Version 17
VisualStudioVersion = 17.1.32319.34
MinimumVisualStudioVersion = 10.0.40219.1
Project("{FAE04EC0-301F-11D3-BF4B-00C04F79EFBC}") = "RestaurantManagementSystem", "RestaurantManagementSystem\RestaurantManagementSystem.csproj", "{DA893713-7CC9-40B9-BDC0-641643661BBF}"
EndProject
Global
	GlobalSection(SolutionConfigurationPlatforms) = preSolution
		Debug|Any CPU = Debug|Any CPU
		Release|Any CPU = Release|Any CPU
	EndGlobalSection
	GlobalSection(ProjectConfigurationPlatforms) = postSolution
		{DA893713-7CC9-40B9-BDC0-641643661BBF}.Debug|Any CPU.ActiveCfg = Debug|Any CPU
		{DA893713-7CC9-40B9-BDC0-641643661BBF}.Debug|Any CPU.Build.0 = Debug|Any CPU
		{DA893713-7CC9-40B9-BDC0-641643661BBF}.Release|Any CPU.ActiveCfg = Release|Any CPU
		{DA893713-7CC9-40B9-BDC0-641643661BBF}.Release|Any CPU.Build.0 = Release|Any CPU
	EndGlobalSection
	GlobalSection(SolutionProperties) = preSolution
		HideSolutionNode = FALSE
	EndGlobalSection
	GlobalSection(ExtensibilityGlobals) = postSolution
		SolutionGuid = {AD05FBD9-22F8-433D-8F7D-7F307ED4D887}
	EndGlobalSection
EndGlobal
